
Microsoft Visual Studio Solution File, Format Version 12.00
# Visual Studio Version 17
VisualStudioVersion = 17.8.34525.116
MinimumVisualStudioVersion = 10.0.40219.1
Project("{2150E333-8FDC-42A3-9474-1A3956D46DE8}") = "src", "src", "{0D66ED6C-B2CE-45F0-9DF2-853089F42B97}"
EndProject
Project("{2150E333-8FDC-42A3-9474-1A3956D46DE8}") = "Solution Items", "Solution Items", "{7B6239F5-7A9F-4311-A85D-45C5D39EE584}"
EndProject
Project("{2150E333-8FDC-42A3-9474-1A3956D46DE8}") = "Core", "Core", "{D1C77CAE-DA4D-44A3-86C7-D51207ECCC0A}"
EndProject
Project("{2150E333-8FDC-42A3-9474-1A3956D46DE8}") = "Infrastructure", "Infrastructure", "{493849FD-C704-4893-B441-5037F60605B8}"
EndProject
Project("{2150E333-8FDC-42A3-9474-1A3956D46DE8}") = "Application", "Application", "{31416247-E81E-4D5F-B4A6-228BBA9D1A25}"
EndProject
Project("{2150E333-8FDC-42A3-9474-1A3956D46DE8}") = "Domain", "Domain", "{8454DA3C-9C32-4DE2-B321-07E9418B8E4C}"
EndProject
Project("{2150E333-8FDC-42A3-9474-1A3956D46DE8}") = "API", "API", "{46A2BBC3-94BD-4487-A064-FB3669FE25E4}"
EndProject
Project("{FAE04EC0-301F-11D3-BF4B-00C04F79EFBC}") = "EmployerManagment.Domain", "EmployerManagment.Domain\EmployerManagment.Domain.csproj", "{643C3641-8B8C-4BEA-BEB4-9259A321FF9E}"
EndProject
Project("{FAE04EC0-301F-11D3-BF4B-00C04F79EFBC}") = "EmployerManagment.DomainEvents", "EmployerManagment.DomainEvents\EmployerManagment.DomainEvents.csproj", "{D87AAB71-B55C-4281-830E-17E9DBADB890}"
EndProject
Project("{2150E333-8FDC-42A3-9474-1A3956D46DE8}") = "Commands", "Commands", "{8C8DDC3C-7DD7-4412-8655-E7A4F3C89BBB}"
EndProject
Project("{2150E333-8FDC-42A3-9474-1A3956D46DE8}") = "Handler", "Handler", "{54363C2C-BF24-40F4-852F-21546166370C}"
EndProject
Global
	GlobalSection(SolutionConfigurationPlatforms) = preSolution
		Debug|Any CPU = Debug|Any CPU
		Release|Any CPU = Release|Any CPU
	EndGlobalSection
	GlobalSection(ProjectConfigurationPlatforms) = postSolution
		{643C3641-8B8C-4BEA-BEB4-9259A321FF9E}.Debug|Any CPU.ActiveCfg = Debug|Any CPU
		{643C3641-8B8C-4BEA-BEB4-9259A321FF9E}.Debug|Any CPU.Build.0 = Debug|Any CPU
		{643C3641-8B8C-4BEA-BEB4-9259A321FF9E}.Release|Any CPU.ActiveCfg = Release|Any CPU
		{643C3641-8B8C-4BEA-BEB4-9259A321FF9E}.Release|Any CPU.Build.0 = Release|Any CPU
		{D87AAB71-B55C-4281-830E-17E9DBADB890}.Debug|Any CPU.ActiveCfg = Debug|Any CPU
		{D87AAB71-B55C-4281-830E-17E9DBADB890}.Debug|Any CPU.Build.0 = Debug|Any CPU
		{D87AAB71-B55C-4281-830E-17E9DBADB890}.Release|Any CPU.ActiveCfg = Release|Any CPU
		{D87AAB71-B55C-4281-830E-17E9DBADB890}.Release|Any CPU.Build.0 = Release|Any CPU
	EndGlobalSection
	GlobalSection(SolutionProperties) = preSolution
		HideSolutionNode = FALSE
	EndGlobalSection
	GlobalSection(NestedProjects) = preSolution
		{D1C77CAE-DA4D-44A3-86C7-D51207ECCC0A} = {0D66ED6C-B2CE-45F0-9DF2-853089F42B97}
		{493849FD-C704-4893-B441-5037F60605B8} = {0D66ED6C-B2CE-45F0-9DF2-853089F42B97}
		{31416247-E81E-4D5F-B4A6-228BBA9D1A25} = {D1C77CAE-DA4D-44A3-86C7-D51207ECCC0A}
		{8454DA3C-9C32-4DE2-B321-07E9418B8E4C} = {D1C77CAE-DA4D-44A3-86C7-D51207ECCC0A}
		{46A2BBC3-94BD-4487-A064-FB3669FE25E4} = {0D66ED6C-B2CE-45F0-9DF2-853089F42B97}
		{643C3641-8B8C-4BEA-BEB4-9259A321FF9E} = {8454DA3C-9C32-4DE2-B321-07E9418B8E4C}
		{D87AAB71-B55C-4281-830E-17E9DBADB890} = {8454DA3C-9C32-4DE2-B321-07E9418B8E4C}
		{8C8DDC3C-7DD7-4412-8655-E7A4F3C89BBB} = {493849FD-C704-4893-B441-5037F60605B8}
		{54363C2C-BF24-40F4-852F-21546166370C} = {493849FD-C704-4893-B441-5037F60605B8}
	EndGlobalSection
	GlobalSection(ExtensibilityGlobals) = postSolution
		SolutionGuid = {F93D167A-227E-493C-BC74-390246AA12FD}
	EndGlobalSection
EndGlobal
