
Microsoft Visual Studio Solution File, Format Version 12.00
# Visual Studio Version 17
VisualStudioVersion = 17.8.34525.116
MinimumVisualStudioVersion = 10.0.40219.1
Project("{2150E333-8FDC-42A3-9474-1A3956D46DE8}") = "src", "src", "{0D66ED6C-B2CE-45F0-9DF2-853089F42B97}"
EndProject
Project("{2150E333-8FDC-42A3-9474-1A3956D46DE8}") = "Solution Items", "Solution Items", "{7B6239F5-7A9F-4311-A85D-45C5D39EE584}"
EndProject
Project("{2150E333-8FDC-42A3-9474-1A3956D46DE8}") = "Core", "Core", "{D1C77CAE-DA4D-44A3-86C7-D51207ECCC0A}"
EndProject
Project("{2150E333-8FDC-42A3-9474-1A3956D46DE8}") = "Infrastructure", "Infrastructure", "{493849FD-C704-4893-B441-5037F60605B8}"
EndProject
Project("{2150E333-8FDC-42A3-9474-1A3956D46DE8}") = "Application", "Application", "{31416247-E81E-4D5F-B4A6-228BBA9D1A25}"
EndProject
Project("{2150E333-8FDC-42A3-9474-1A3956D46DE8}") = "Domain", "Domain", "{8454DA3C-9C32-4DE2-B321-07E9418B8E4C}"
EndProject
Project("{2150E333-8FDC-42A3-9474-1A3956D46DE8}") = "API", "API", "{46A2BBC3-94BD-4487-A064-FB3669FE25E4}"
EndProject
Project("{9A19103F-16F7-4668-BE54-9A1E7A4F7556}") = "EmployerManagment.Domain", "EmployerManagment.Domain\EmployerManagment.Domain.csproj", "{643C3641-8B8C-4BEA-BEB4-9259A321FF9E}"
EndProject
Project("{9A19103F-16F7-4668-BE54-9A1E7A4F7556}") = "EmployerManagment.DomainEvents", "EmployerManagment.DomainEvents\EmployerManagment.DomainEvents.csproj", "{D87AAB71-B55C-4281-830E-17E9DBADB890}"
EndProject
Project("{9A19103F-16F7-4668-BE54-9A1E7A4F7556}") = "EmployerManagment.Application", "EmployerManagment.Application\EmployerManagment.Application.csproj", "{63611922-9543-40F3-B929-6166CC537A0D}"
EndProject
Project("{9A19103F-16F7-4668-BE54-9A1E7A4F7556}") = "EmployerManagment.API.Employment", "EmployerManagment.API.Employment\EmployerManagment.API.Employment.csproj", "{89502B85-1319-4673-BB39-9C08764BBB75}"
EndProject
Project("{9A19103F-16F7-4668-BE54-9A1E7A4F7556}") = "EmployerManagment.Infrastructure", "EmployerManagment.Infrastructure\EmployerManagment.Infrastructure.csproj", "{F316ABC2-2CBA-4DEE-BF73-30D44A153968}"
EndProject
Project("{2150E333-8FDC-42A3-9474-1A3956D46DE8}") = "PaycheckManagment", "PaycheckManagment", "{9CCA4F6C-FBD6-4FFE-8039-D8067DC1321A}"
EndProject
Project("{2150E333-8FDC-42A3-9474-1A3956D46DE8}") = "Infrasctructure", "Infrasctructure", "{163DE4C4-A667-4E83-850C-AD701D39E6DD}"
EndProject
Project("{2150E333-8FDC-42A3-9474-1A3956D46DE8}") = "Core", "Core", "{75210F4B-B8EF-4DFE-B931-D631A4979B78}"
EndProject
Project("{2150E333-8FDC-42A3-9474-1A3956D46DE8}") = "API", "API", "{53B85075-8E23-4A25-8399-1FA5060D3237}"
EndProject
Project("{2150E333-8FDC-42A3-9474-1A3956D46DE8}") = "EmployerManagment", "EmployerManagment", "{2A5479DB-68A8-4406-9234-65F877178EE2}"
EndProject
Project("{FAE04EC0-301F-11D3-BF4B-00C04F79EFBC}") = "PaycheckManagmentAPI", "PaycheckManagmentAPI\PaycheckManagmentAPI.csproj", "{BFE3D4FA-5FA0-4438-9DF3-25626EFE703C}"
EndProject
Project("{2150E333-8FDC-42A3-9474-1A3956D46DE8}") = "Application", "Application", "{9A3E8016-CB3D-44C5-B082-4E41525B0D7F}"
EndProject
Project("{2150E333-8FDC-42A3-9474-1A3956D46DE8}") = "Domain", "Domain", "{9BF697F7-4E6E-4E42-9C1C-607516592F35}"
EndProject
Project("{FAE04EC0-301F-11D3-BF4B-00C04F79EFBC}") = "PaycheckManagment.Application", "PaycheckManagment.Application\PaycheckManagment.Application.csproj", "{EE7B93BA-FA4A-410B-BD70-82847D3D08D1}"
EndProject
Project("{FAE04EC0-301F-11D3-BF4B-00C04F79EFBC}") = "PaycheckManagment.Infrasctructure", "PaycheckManagment.Infrasctructure\PaycheckManagment.Infrasctructure.csproj", "{5493B824-F2FA-4E55-9F3D-CCD27872783F}"
EndProject
Project("{FAE04EC0-301F-11D3-BF4B-00C04F79EFBC}") = "PaycheckManagment.Domain", "PaycheckManagment.Domain\PaycheckManagment.Domain.csproj", "{393AC30B-FE51-4030-BE1F-CA7FE4F80BB7}"
EndProject
Global
	GlobalSection(SolutionConfigurationPlatforms) = preSolution
		Debug|Any CPU = Debug|Any CPU
		Release|Any CPU = Release|Any CPU
	EndGlobalSection
	GlobalSection(ProjectConfigurationPlatforms) = postSolution
		{643C3641-8B8C-4BEA-BEB4-9259A321FF9E}.Debug|Any CPU.ActiveCfg = Debug|Any CPU
		{643C3641-8B8C-4BEA-BEB4-9259A321FF9E}.Debug|Any CPU.Build.0 = Debug|Any CPU
		{643C3641-8B8C-4BEA-BEB4-9259A321FF9E}.Release|Any CPU.ActiveCfg = Release|Any CPU
		{643C3641-8B8C-4BEA-BEB4-9259A321FF9E}.Release|Any CPU.Build.0 = Release|Any CPU
		{D87AAB71-B55C-4281-830E-17E9DBADB890}.Debug|Any CPU.ActiveCfg = Debug|Any CPU
		{D87AAB71-B55C-4281-830E-17E9DBADB890}.Debug|Any CPU.Build.0 = Debug|Any CPU
		{D87AAB71-B55C-4281-830E-17E9DBADB890}.Release|Any CPU.ActiveCfg = Release|Any CPU
		{D87AAB71-B55C-4281-830E-17E9DBADB890}.Release|Any CPU.Build.0 = Release|Any CPU
		{63611922-9543-40F3-B929-6166CC537A0D}.Debug|Any CPU.ActiveCfg = Debug|Any CPU
		{63611922-9543-40F3-B929-6166CC537A0D}.Debug|Any CPU.Build.0 = Debug|Any CPU
		{63611922-9543-40F3-B929-6166CC537A0D}.Release|Any CPU.ActiveCfg = Release|Any CPU
		{63611922-9543-40F3-B929-6166CC537A0D}.Release|Any CPU.Build.0 = Release|Any CPU
		{89502B85-1319-4673-BB39-9C08764BBB75}.Debug|Any CPU.ActiveCfg = Debug|Any CPU
		{89502B85-1319-4673-BB39-9C08764BBB75}.Debug|Any CPU.Build.0 = Debug|Any CPU
		{89502B85-1319-4673-BB39-9C08764BBB75}.Release|Any CPU.ActiveCfg = Release|Any CPU
		{89502B85-1319-4673-BB39-9C08764BBB75}.Release|Any CPU.Build.0 = Release|Any CPU
		{F316ABC2-2CBA-4DEE-BF73-30D44A153968}.Debug|Any CPU.ActiveCfg = Debug|Any CPU
		{F316ABC2-2CBA-4DEE-BF73-30D44A153968}.Debug|Any CPU.Build.0 = Debug|Any CPU
		{F316ABC2-2CBA-4DEE-BF73-30D44A153968}.Release|Any CPU.ActiveCfg = Release|Any CPU
		{F316ABC2-2CBA-4DEE-BF73-30D44A153968}.Release|Any CPU.Build.0 = Release|Any CPU
		{BFE3D4FA-5FA0-4438-9DF3-25626EFE703C}.Debug|Any CPU.ActiveCfg = Debug|Any CPU
		{BFE3D4FA-5FA0-4438-9DF3-25626EFE703C}.Debug|Any CPU.Build.0 = Debug|Any CPU
		{BFE3D4FA-5FA0-4438-9DF3-25626EFE703C}.Release|Any CPU.ActiveCfg = Release|Any CPU
		{BFE3D4FA-5FA0-4438-9DF3-25626EFE703C}.Release|Any CPU.Build.0 = Release|Any CPU
		{EE7B93BA-FA4A-410B-BD70-82847D3D08D1}.Debug|Any CPU.ActiveCfg = Debug|Any CPU
		{EE7B93BA-FA4A-410B-BD70-82847D3D08D1}.Debug|Any CPU.Build.0 = Debug|Any CPU
		{EE7B93BA-FA4A-410B-BD70-82847D3D08D1}.Release|Any CPU.ActiveCfg = Release|Any CPU
		{EE7B93BA-FA4A-410B-BD70-82847D3D08D1}.Release|Any CPU.Build.0 = Release|Any CPU
		{5493B824-F2FA-4E55-9F3D-CCD27872783F}.Debug|Any CPU.ActiveCfg = Debug|Any CPU
		{5493B824-F2FA-4E55-9F3D-CCD27872783F}.Debug|Any CPU.Build.0 = Debug|Any CPU
		{5493B824-F2FA-4E55-9F3D-CCD27872783F}.Release|Any CPU.ActiveCfg = Release|Any CPU
		{5493B824-F2FA-4E55-9F3D-CCD27872783F}.Release|Any CPU.Build.0 = Release|Any CPU
		{393AC30B-FE51-4030-BE1F-CA7FE4F80BB7}.Debug|Any CPU.ActiveCfg = Debug|Any CPU
		{393AC30B-FE51-4030-BE1F-CA7FE4F80BB7}.Debug|Any CPU.Build.0 = Debug|Any CPU
		{393AC30B-FE51-4030-BE1F-CA7FE4F80BB7}.Release|Any CPU.ActiveCfg = Release|Any CPU
		{393AC30B-FE51-4030-BE1F-CA7FE4F80BB7}.Release|Any CPU.Build.0 = Release|Any CPU
	EndGlobalSection
	GlobalSection(SolutionProperties) = preSolution
		HideSolutionNode = FALSE
	EndGlobalSection
	GlobalSection(NestedProjects) = preSolution
		{D1C77CAE-DA4D-44A3-86C7-D51207ECCC0A} = {2A5479DB-68A8-4406-9234-65F877178EE2}
		{493849FD-C704-4893-B441-5037F60605B8} = {2A5479DB-68A8-4406-9234-65F877178EE2}
		{31416247-E81E-4D5F-B4A6-228BBA9D1A25} = {D1C77CAE-DA4D-44A3-86C7-D51207ECCC0A}
		{8454DA3C-9C32-4DE2-B321-07E9418B8E4C} = {D1C77CAE-DA4D-44A3-86C7-D51207ECCC0A}
		{46A2BBC3-94BD-4487-A064-FB3669FE25E4} = {2A5479DB-68A8-4406-9234-65F877178EE2}
		{643C3641-8B8C-4BEA-BEB4-9259A321FF9E} = {8454DA3C-9C32-4DE2-B321-07E9418B8E4C}
		{D87AAB71-B55C-4281-830E-17E9DBADB890} = {8454DA3C-9C32-4DE2-B321-07E9418B8E4C}
		{63611922-9543-40F3-B929-6166CC537A0D} = {31416247-E81E-4D5F-B4A6-228BBA9D1A25}
		{89502B85-1319-4673-BB39-9C08764BBB75} = {46A2BBC3-94BD-4487-A064-FB3669FE25E4}
		{F316ABC2-2CBA-4DEE-BF73-30D44A153968} = {493849FD-C704-4893-B441-5037F60605B8}
		{9CCA4F6C-FBD6-4FFE-8039-D8067DC1321A} = {0D66ED6C-B2CE-45F0-9DF2-853089F42B97}
		{163DE4C4-A667-4E83-850C-AD701D39E6DD} = {9CCA4F6C-FBD6-4FFE-8039-D8067DC1321A}
		{75210F4B-B8EF-4DFE-B931-D631A4979B78} = {9CCA4F6C-FBD6-4FFE-8039-D8067DC1321A}
		{53B85075-8E23-4A25-8399-1FA5060D3237} = {9CCA4F6C-FBD6-4FFE-8039-D8067DC1321A}
		{2A5479DB-68A8-4406-9234-65F877178EE2} = {0D66ED6C-B2CE-45F0-9DF2-853089F42B97}
		{BFE3D4FA-5FA0-4438-9DF3-25626EFE703C} = {53B85075-8E23-4A25-8399-1FA5060D3237}
		{9A3E8016-CB3D-44C5-B082-4E41525B0D7F} = {75210F4B-B8EF-4DFE-B931-D631A4979B78}
		{9BF697F7-4E6E-4E42-9C1C-607516592F35} = {75210F4B-B8EF-4DFE-B931-D631A4979B78}
		{EE7B93BA-FA4A-410B-BD70-82847D3D08D1} = {9A3E8016-CB3D-44C5-B082-4E41525B0D7F}
		{5493B824-F2FA-4E55-9F3D-CCD27872783F} = {163DE4C4-A667-4E83-850C-AD701D39E6DD}
		{393AC30B-FE51-4030-BE1F-CA7FE4F80BB7} = {9BF697F7-4E6E-4E42-9C1C-607516592F35}
	EndGlobalSection
	GlobalSection(ExtensibilityGlobals) = postSolution
		SolutionGuid = {F93D167A-227E-493C-BC74-390246AA12FD}
	EndGlobalSection
EndGlobal
